<?xml version="1.0" encoding="utf-8"?>
<Project ToolsVersion="4.0" xmlns="http://schemas.microsoft.com/developer/msbuild/2003">
  <ItemGroup>
    <Filter Include="Utilities">
      <UniqueIdentifier>{6b30adae-6dde-4d0e-81a6-1a3ec130b521}</UniqueIdentifier>
    </Filter>
    <Filter Include="Utilities\Math">
      <UniqueIdentifier>{68890774-9b4b-45c4-825f-7fd27fe01d62}</UniqueIdentifier>
    </Filter>
    <Filter Include="Utilities\Tuple">
      <UniqueIdentifier>{5cbfb975-a0e6-483d-ad57-6b5211d7a815}</UniqueIdentifier>
    </Filter>
    <Filter Include="EntityModule">
      <UniqueIdentifier>{ec992a17-b7c6-4856-8a0a-19e081798c2e}</UniqueIdentifier>
    </Filter>
    <Filter Include="EntityModule\Component">
      <UniqueIdentifier>{4d219eb8-a1bd-478c-8e89-d295efaccc4a}</UniqueIdentifier>
    </Filter>
    <Filter Include="EntityModule\Entity">
      <UniqueIdentifier>{76bd8aa0-fe2e-4332-94d7-b2806c1cc797}</UniqueIdentifier>
    </Filter>
    <Filter Include="EntityModule\SystemManager">
      <UniqueIdentifier>{71dc8142-5a0e-4ff0-9443-18752772b803}</UniqueIdentifier>
    </Filter>
    <Filter Include="EntityModule\SystemManager\System">
      <UniqueIdentifier>{99a37b19-f220-40f7-8710-3399d6938874}</UniqueIdentifier>
    </Filter>
    <Filter Include="EntityModule\SystemManager\System\Systems">
      <UniqueIdentifier>{7cf497e4-af22-48b2-b535-b88ca68f65cf}</UniqueIdentifier>
    </Filter>
  </ItemGroup>
  <ItemGroup>
    <ClInclude Include="Component.h">
      <Filter>EntityModule\Component</Filter>
    </ClInclude>
    <ClInclude Include="TransformComponent.h">
      <Filter>EntityModule\Component</Filter>
    </ClInclude>
    <ClInclude Include="LifetimeComponent.h">
      <Filter>EntityModule\Component</Filter>
    </ClInclude>
    <ClInclude Include="MathUtilities.h">
      <Filter>Utilities\Math</Filter>
    </ClInclude>
    <ClInclude Include="Matrix.h">
      <Filter>Utilities\Math</Filter>
    </ClInclude>
    <ClInclude Include="Vec2.h">
      <Filter>Utilities\Math</Filter>
    </ClInclude>
    <ClInclude Include="TuplePlus.h">
      <Filter>Utilities\Tuple</Filter>
    </ClInclude>
    <ClInclude Include="ClientOnly\stdInclude.h">
      <Filter>Utilities</Filter>
    </ClInclude>
    <ClInclude Include="Entity.h">
      <Filter>EntityModule\Entity</Filter>
    </ClInclude>
    <ClInclude Include="SystemsManager.h">
      <Filter>EntityModule\SystemManager</Filter>
    </ClInclude>
    <ClInclude Include="System.h">
      <Filter>EntityModule\SystemManager\System</Filter>
    </ClInclude>
    <ClInclude Include="EntityModule.h">
      <Filter>EntityModule</Filter>
    </ClInclude>
  </ItemGroup>
  <ItemGroup>
    <ClCompile Include="main.cpp" />
    <ClCompile Include="LifetimeComponent.cpp">
      <Filter>EntityModule\Component</Filter>
    </ClCompile>
    <ClCompile Include="TransformComponent.cpp">
      <Filter>EntityModule\Component</Filter>
    </ClCompile>
    <ClCompile Include="Matrix.cpp">
      <Filter>Utilities\Math</Filter>
    </ClCompile>
  </ItemGroup>
  <ItemGroup>
    <None Include="Vec2.inl">
      <Filter>Utilities\Math</Filter>
    </None>
    <None Include="TuplePlus.inl">
      <Filter>Utilities\Tuple</Filter>
    </None>
    <None Include="Entity.inl">
      <Filter>EntityModule\Entity</Filter>
    </None>
    <None Include="System.inl">
      <Filter>EntityModule\SystemManager\System</Filter>
    </None>
    <None Include="EntityModule.inl">
      <Filter>EntityModule</Filter>
    </None>
  </ItemGroup>
</Project>