<?xml version="1.0" encoding="utf-8"?>
<Project ToolsVersion="4.0" xmlns="http://schemas.microsoft.com/developer/msbuild/2003">
  <ItemGroup>
    <Filter Include="Utilities">
      <UniqueIdentifier>{6b30adae-6dde-4d0e-81a6-1a3ec130b521}</UniqueIdentifier>
    </Filter>
    <Filter Include="Utilities\Math">
      <UniqueIdentifier>{68890774-9b4b-45c4-825f-7fd27fe01d62}</UniqueIdentifier>
    </Filter>
    <Filter Include="Utilities\Tuple">
      <UniqueIdentifier>{5cbfb975-a0e6-483d-ad57-6b5211d7a815}</UniqueIdentifier>
    </Filter>
    <Filter Include="Modules">
      <UniqueIdentifier>{43e62833-de69-400a-ab78-5c44bc4e9c46}</UniqueIdentifier>
    </Filter>
    <Filter Include="Modules\Display">
      <UniqueIdentifier>{a46abbb5-a0d7-4039-bb31-a48700cb377d}</UniqueIdentifier>
    </Filter>
    <Filter Include="Modules\Controller">
      <UniqueIdentifier>{dec6d3ae-b17b-4917-819b-2544fbefae62}</UniqueIdentifier>
    </Filter>
    <Filter Include="Modules\Window">
      <UniqueIdentifier>{b5dd15c9-8115-4279-9f46-30d38dce9d98}</UniqueIdentifier>
    </Filter>
    <Filter Include="Modules\Input">
      <UniqueIdentifier>{67d71c5f-f0eb-449d-9081-994235207fb6}</UniqueIdentifier>
    </Filter>
    <Filter Include="Modules\Object">
      <UniqueIdentifier>{ec992a17-b7c6-4856-8a0a-19e081798c2e}</UniqueIdentifier>
    </Filter>
    <Filter Include="Modules\Object\SystemsHolder">
      <UniqueIdentifier>{c8182582-c737-4451-9327-cf9fc40a5411}</UniqueIdentifier>
    </Filter>
    <Filter Include="Modules\Object\SystemsHolder\Systems">
      <UniqueIdentifier>{7cf497e4-af22-48b2-b535-b88ca68f65cf}</UniqueIdentifier>
    </Filter>
    <Filter Include="Modules\Object\Object">
      <UniqueIdentifier>{6862f6ef-d1eb-4468-baaa-b4dee6bbef65}</UniqueIdentifier>
    </Filter>
    <Filter Include="Modules\Object\Object\Entity">
      <UniqueIdentifier>{4265eb8d-58bc-4278-aa26-f624ef2e2b89}</UniqueIdentifier>
    </Filter>
    <Filter Include="Modules\Object\Object\Entity\Component">
      <UniqueIdentifier>{4d219eb8-a1bd-478c-8e89-d295efaccc4a}</UniqueIdentifier>
    </Filter>
    <Filter Include="Modules\Object\Object\Objects">
      <UniqueIdentifier>{c731506e-923d-44ee-ba37-80d05d5f859c}</UniqueIdentifier>
    </Filter>
    <Filter Include="Modules\Object\Object\Entity\Component\SkeletonComponent">
      <UniqueIdentifier>{42a4fab7-c865-4a7a-8378-fdeac58ebb9f}</UniqueIdentifier>
    </Filter>
  </ItemGroup>
  <ItemGroup>
    <ClInclude Include="MathUtilities.h">
      <Filter>Utilities\Math</Filter>
    </ClInclude>
    <ClInclude Include="Matrix.h">
      <Filter>Utilities\Math</Filter>
    </ClInclude>
    <ClInclude Include="Vec2.h">
      <Filter>Utilities\Math</Filter>
    </ClInclude>
    <ClInclude Include="TuplePlus.h">
      <Filter>Utilities\Tuple</Filter>
    </ClInclude>
    <ClInclude Include="ClientOnly\stdInclude.h">
      <Filter>Utilities</Filter>
    </ClInclude>
    <ClInclude Include="DisplayLayer.h">
      <Filter>Modules\Display</Filter>
    </ClInclude>
    <ClInclude Include="Module.h">
      <Filter>Modules</Filter>
    </ClInclude>
    <ClInclude Include="ModulesHolder.h">
      <Filter>Modules</Filter>
    </ClInclude>
    <ClInclude Include="DisplayModule.h">
      <Filter>Modules\Display</Filter>
    </ClInclude>
    <ClInclude Include="WindowModule.h">
      <Filter>Modules\Window</Filter>
    </ClInclude>
    <ClInclude Include="DisplaySystem.h">
      <Filter>Modules\Object\SystemsHolder\Systems</Filter>
    </ClInclude>
    <ClInclude Include="ControllerModule.h">
      <Filter>Modules\Controller</Filter>
    </ClInclude>
    <ClInclude Include="InputModule.h">
      <Filter>Modules\Input</Filter>
    </ClInclude>
    <ClInclude Include="SystemsHolder.h">
      <Filter>Modules\Object\SystemsHolder</Filter>
    </ClInclude>
    <ClInclude Include="Entity.h">
      <Filter>Modules\Object\Object\Entity</Filter>
    </ClInclude>
    <ClInclude Include="EntityBase.h">
      <Filter>Modules\Object\Object\Entity</Filter>
    </ClInclude>
    <ClInclude Include="Client.h" />
    <ClInclude Include="Component.h">
      <Filter>Modules\Object\Object\Entity\Component</Filter>
    </ClInclude>
    <ClInclude Include="TransformComponent.h">
      <Filter>Modules\Object\Object\Entity\Component</Filter>
    </ClInclude>
    <ClInclude Include="DisplayComponent.h">
      <Filter>Modules\Object\Object\Entity\Component</Filter>
    </ClInclude>
    <ClInclude Include="IdentityComponent.h">
      <Filter>Modules\Object\Object\Entity\Component</Filter>
    </ClInclude>
    <ClInclude Include="AttachableComponent.h">
      <Filter>Modules\Object\Object\Entity\Component</Filter>
    </ClInclude>
    <ClInclude Include="ControllerComponent.h">
      <Filter>Modules\Object\Object\Entity\Component</Filter>
    </ClInclude>
    <ClInclude Include="Clock.h">
      <Filter>Utilities</Filter>
    </ClInclude>
    <ClInclude Include="Transform.h">
      <Filter>Utilities\Math</Filter>
    </ClInclude>
    <ClInclude Include="PhysicsComponent.h">
      <Filter>Modules\Object\Object\Entity\Component</Filter>
    </ClInclude>
    <ClInclude Include="TypesPacksContainer.h">
      <Filter>Utilities</Filter>
    </ClInclude>
    <ClInclude Include="ObjectModule.h">
      <Filter>Modules\Object</Filter>
    </ClInclude>
    <ClInclude Include="PlayerCharacter.h">
      <Filter>Modules\Object\Object\Objects</Filter>
    </ClInclude>
    <ClInclude Include="Settings.h">
      <Filter>Utilities</Filter>
    </ClInclude>
    <ClInclude Include="MotionSystem.h">
      <Filter>Modules\Object\SystemsHolder\Systems</Filter>
    </ClInclude>
    <ClInclude Include="MotionComponent.h">
      <Filter>Modules\Object\Object\Entity\Component</Filter>
    </ClInclude>
    <ClInclude Include="System.h">
      <Filter>Modules\Object\SystemsHolder</Filter>
    </ClInclude>
    <ClInclude Include="BasicObject.h">
      <Filter>Modules\Object\Object</Filter>
    </ClInclude>
    <ClInclude Include="SkeletonComponent.h">
      <Filter>Modules\Object\Object\Entity\Component\SkeletonComponent</Filter>
    </ClInclude>
    <ClInclude Include="CollisionSystem.h">
      <Filter>Modules\Object\SystemsHolder\Systems</Filter>
    </ClInclude>
    <ClInclude Include="ShapeComponent.h">
      <Filter>Modules\Object\Object\Entity\Component</Filter>
    </ClInclude>
    <ClInclude Include="CollisionComponent.h">
      <Filter>Modules\Object\Object\Entity\Component</Filter>
    </ClInclude>
    <ClInclude Include="WeaponObject.h">
      <Filter>Modules\Object\Object\Objects</Filter>
    </ClInclude>
    <ClInclude Include="ConstructableComponent.h">
      <Filter>Modules\Object\Object\Entity\Component</Filter>
    </ClInclude>
    <ClInclude Include="BodyPartObject.h">
      <Filter>Modules\Object\Object\Objects</Filter>
    </ClInclude>
    <ClInclude Include="LongswordObject.h">
      <Filter>Modules\Object\Object\Objects</Filter>
    </ClInclude>
    <ClInclude Include="b2Collision.h">
      <Filter>Utilities</Filter>
    </ClInclude>
  </ItemGroup>
  <ItemGroup>
    <ClCompile Include="main.cpp" />
    <ClCompile Include="Matrix.cpp">
      <Filter>Utilities\Math</Filter>
    </ClCompile>
    <ClCompile Include="DisplayLayer.cpp">
      <Filter>Modules\Display</Filter>
    </ClCompile>
    <ClCompile Include="DisplayModule.cpp">
      <Filter>Modules\Display</Filter>
    </ClCompile>
    <ClCompile Include="WindowModule.cpp">
      <Filter>Modules\Window</Filter>
    </ClCompile>
    <ClCompile Include="Client.cpp" />
    <ClCompile Include="ControllerModule.cpp">
      <Filter>Modules\Controller</Filter>
    </ClCompile>
    <ClCompile Include="InputModule.cpp">
      <Filter>Modules\Input</Filter>
    </ClCompile>
    <ClCompile Include="DisplaySystem.cpp">
      <Filter>Modules\Object\SystemsHolder\Systems</Filter>
    </ClCompile>
    <ClCompile Include="DisplayComponent.cpp">
      <Filter>Modules\Object\Object\Entity\Component</Filter>
    </ClCompile>
    <ClCompile Include="IdentityComponent.cpp">
      <Filter>Modules\Object\Object\Entity\Component</Filter>
    </ClCompile>
    <ClCompile Include="TransformComponent.cpp">
      <Filter>Modules\Object\Object\Entity\Component</Filter>
    </ClCompile>
    <ClCompile Include="Clock.cpp">
      <Filter>Utilities</Filter>
    </ClCompile>
    <ClCompile Include="Transform.cpp">
      <Filter>Utilities\Math</Filter>
    </ClCompile>
    <ClCompile Include="MotionSystem.cpp">
      <Filter>Modules\Object\SystemsHolder\Systems</Filter>
    </ClCompile>
    <ClCompile Include="ObjectModule.cpp">
      <Filter>Modules\Object</Filter>
    </ClCompile>
    <ClCompile Include="PlayerCharacter.cpp">
      <Filter>Modules\Object\Object\Objects</Filter>
    </ClCompile>
    <ClCompile Include="SkeletonComponent.cpp">
      <Filter>Modules\Object\Object\Entity\Component\SkeletonComponent</Filter>
    </ClCompile>
    <ClCompile Include="CollisionSystem.cpp">
      <Filter>Modules\Object\SystemsHolder\Systems</Filter>
    </ClCompile>
    <ClCompile Include="LongswordObject.cpp">
      <Filter>Modules\Object\Object\Objects</Filter>
    </ClCompile>
    <ClCompile Include="ShapeComponent.cpp">
      <Filter>Modules\Object\Object\Entity\Component</Filter>
    </ClCompile>
  </ItemGroup>
  <ItemGroup>
    <None Include="Vec2.inl">
      <Filter>Utilities\Math</Filter>
    </None>
    <None Include="TuplePlus.inl">
      <Filter>Utilities\Tuple</Filter>
    </None>
    <None Include="Entity.inl">
      <Filter>Modules\Object\Object\Entity</Filter>
    </None>
    <None Include="AttachableComponent.inl">
      <Filter>Modules\Object\Object\Entity\Component</Filter>
    </None>
  </ItemGroup>
</Project>