
Microsoft Visual Studio Solution File, Format Version 12.00
# Visual Studio 15
VisualStudioVersion = 15.0.27004.2010
MinimumVisualStudioVersion = 10.0.40219.1
Project("{8BC9CEB8-8B4A-11D0-8D11-00A0C91BC942}") = "GameEngine", "GameEngine\GameEngine.vcxproj", "{2FF7EF25-5CA3-4E96-9A89-C6A7CC56F623}"
EndProject
Project("{8BC9CEB8-8B4A-11D0-8D11-00A0C91BC942}") = "ECSpp", "..\ECSpp\ECSpp\ECSpp.vcxproj", "{F9BECFBB-311B-4927-9F05-3E82DD75CB37}"
EndProject
Project("{8BC9CEB8-8B4A-11D0-8D11-00A0C91BC942}") = "Game", "Game\Game.vcxproj", "{8477CDB6-4689-4787-9666-0D8F24089F2E}"
EndProject
Global
	GlobalSection(SolutionConfigurationPlatforms) = preSolution
		Debug|x64 = Debug|x64
		Debug|x86 = Debug|x86
		Release|x64 = Release|x64
		Release|x86 = Release|x86
	EndGlobalSection
	GlobalSection(ProjectConfigurationPlatforms) = postSolution
		{2FF7EF25-5CA3-4E96-9A89-C6A7CC56F623}.Debug|x64.ActiveCfg = Debug|x64
		{2FF7EF25-5CA3-4E96-9A89-C6A7CC56F623}.Debug|x64.Build.0 = Debug|x64
		{2FF7EF25-5CA3-4E96-9A89-C6A7CC56F623}.Debug|x86.ActiveCfg = Debug|Win32
		{2FF7EF25-5CA3-4E96-9A89-C6A7CC56F623}.Debug|x86.Build.0 = Debug|Win32
		{2FF7EF25-5CA3-4E96-9A89-C6A7CC56F623}.Release|x64.ActiveCfg = Release|x64
		{2FF7EF25-5CA3-4E96-9A89-C6A7CC56F623}.Release|x64.Build.0 = Release|x64
		{2FF7EF25-5CA3-4E96-9A89-C6A7CC56F623}.Release|x86.ActiveCfg = Release|Win32
		{2FF7EF25-5CA3-4E96-9A89-C6A7CC56F623}.Release|x86.Build.0 = Release|Win32
		{F9BECFBB-311B-4927-9F05-3E82DD75CB37}.Debug|x64.ActiveCfg = Debug|x64
		{F9BECFBB-311B-4927-9F05-3E82DD75CB37}.Debug|x64.Build.0 = Debug|x64
		{F9BECFBB-311B-4927-9F05-3E82DD75CB37}.Debug|x86.ActiveCfg = Debug|Win32
		{F9BECFBB-311B-4927-9F05-3E82DD75CB37}.Debug|x86.Build.0 = Debug|Win32
		{F9BECFBB-311B-4927-9F05-3E82DD75CB37}.Release|x64.ActiveCfg = Release|x64
		{F9BECFBB-311B-4927-9F05-3E82DD75CB37}.Release|x64.Build.0 = Release|x64
		{F9BECFBB-311B-4927-9F05-3E82DD75CB37}.Release|x86.ActiveCfg = Release|Win32
		{F9BECFBB-311B-4927-9F05-3E82DD75CB37}.Release|x86.Build.0 = Release|Win32
		{8477CDB6-4689-4787-9666-0D8F24089F2E}.Debug|x64.ActiveCfg = Debug|x64
		{8477CDB6-4689-4787-9666-0D8F24089F2E}.Debug|x64.Build.0 = Debug|x64
		{8477CDB6-4689-4787-9666-0D8F24089F2E}.Debug|x86.ActiveCfg = Debug|Win32
		{8477CDB6-4689-4787-9666-0D8F24089F2E}.Debug|x86.Build.0 = Debug|Win32
		{8477CDB6-4689-4787-9666-0D8F24089F2E}.Release|x64.ActiveCfg = Release|x64
		{8477CDB6-4689-4787-9666-0D8F24089F2E}.Release|x64.Build.0 = Release|x64
		{8477CDB6-4689-4787-9666-0D8F24089F2E}.Release|x86.ActiveCfg = Release|Win32
		{8477CDB6-4689-4787-9666-0D8F24089F2E}.Release|x86.Build.0 = Release|Win32
	EndGlobalSection
	GlobalSection(SolutionProperties) = preSolution
		HideSolutionNode = FALSE
	EndGlobalSection
	GlobalSection(ExtensibilityGlobals) = postSolution
		SolutionGuid = {8DE66D43-F6CB-44D7-B0CC-4267029F1114}
	EndGlobalSection
EndGlobal
