
Microsoft Visual Studio Solution File, Format Version 12.00
# Visual Studio 15
VisualStudioVersion = 15.0.27004.2010
MinimumVisualStudioVersion = 10.0.40219.1
Project("{8BC9CEB8-8B4A-11D0-8D11-00A0C91BC942}") = "Client", "Client\Client.vcxproj", "{2FF7EF25-5CA3-4E96-9A89-C6A7CC56F623}"
EndProject
Project("{8BC9CEB8-8B4A-11D0-8D11-00A0C91BC942}") = "Server", "Server\Server.vcxproj", "{00DDF5EE-D316-48E8-839B-6EE255D017A5}"
EndProject
Global
	GlobalSection(SolutionConfigurationPlatforms) = preSolution
		Debug|x64 = Debug|x64
		Debug|x86 = Debug|x86
		Release|x64 = Release|x64
		Release|x86 = Release|x86
	EndGlobalSection
	GlobalSection(ProjectConfigurationPlatforms) = postSolution
		{2FF7EF25-5CA3-4E96-9A89-C6A7CC56F623}.Debug|x64.ActiveCfg = Debug|x64
		{2FF7EF25-5CA3-4E96-9A89-C6A7CC56F623}.Debug|x64.Build.0 = Debug|x64
		{2FF7EF25-5CA3-4E96-9A89-C6A7CC56F623}.Debug|x86.ActiveCfg = Debug|Win32
		{2FF7EF25-5CA3-4E96-9A89-C6A7CC56F623}.Debug|x86.Build.0 = Debug|Win32
		{2FF7EF25-5CA3-4E96-9A89-C6A7CC56F623}.Release|x64.ActiveCfg = Release|x64
		{2FF7EF25-5CA3-4E96-9A89-C6A7CC56F623}.Release|x64.Build.0 = Release|x64
		{2FF7EF25-5CA3-4E96-9A89-C6A7CC56F623}.Release|x86.ActiveCfg = Release|Win32
		{2FF7EF25-5CA3-4E96-9A89-C6A7CC56F623}.Release|x86.Build.0 = Release|Win32
		{00DDF5EE-D316-48E8-839B-6EE255D017A5}.Debug|x64.ActiveCfg = Debug|x64
		{00DDF5EE-D316-48E8-839B-6EE255D017A5}.Debug|x64.Build.0 = Debug|x64
		{00DDF5EE-D316-48E8-839B-6EE255D017A5}.Debug|x86.ActiveCfg = Debug|Win32
		{00DDF5EE-D316-48E8-839B-6EE255D017A5}.Debug|x86.Build.0 = Debug|Win32
		{00DDF5EE-D316-48E8-839B-6EE255D017A5}.Release|x64.ActiveCfg = Release|x64
		{00DDF5EE-D316-48E8-839B-6EE255D017A5}.Release|x64.Build.0 = Release|x64
		{00DDF5EE-D316-48E8-839B-6EE255D017A5}.Release|x86.ActiveCfg = Release|Win32
		{00DDF5EE-D316-48E8-839B-6EE255D017A5}.Release|x86.Build.0 = Release|Win32
	EndGlobalSection
	GlobalSection(SolutionProperties) = preSolution
		HideSolutionNode = FALSE
	EndGlobalSection
	GlobalSection(ExtensibilityGlobals) = postSolution
		SolutionGuid = {8DE66D43-F6CB-44D7-B0CC-4267029F1114}
	EndGlobalSection
EndGlobal
