<?xml version="1.0" encoding="utf-8"?>
<Project ToolsVersion="4.0" xmlns="http://schemas.microsoft.com/developer/msbuild/2003">
  <ItemGroup>
    <Filter Include="Client">
      <UniqueIdentifier>{e767201a-2134-471c-9040-3299175de83e}</UniqueIdentifier>
    </Filter>
    <Filter Include="Client\World">
      <UniqueIdentifier>{e4b6a609-1eeb-4663-8144-db18e1d9eb9b}</UniqueIdentifier>
    </Filter>
    <Filter Include="Client\World\Entities">
      <UniqueIdentifier>{0df61778-c3e0-4378-81bd-c497f95f20b9}</UniqueIdentifier>
    </Filter>
    <Filter Include="HUD">
      <UniqueIdentifier>{d451d76e-8923-454d-a04f-6bc12c0aac46}</UniqueIdentifier>
    </Filter>
    <Filter Include="GUI">
      <UniqueIdentifier>{7174cea6-3748-4a25-9ed8-a459a40a36e8}</UniqueIdentifier>
    </Filter>
  </ItemGroup>
  <ItemGroup>
    <ClInclude Include="World.h">
      <Filter>Client\World</Filter>
    </ClInclude>
    <ClInclude Include="Map.h">
      <Filter>Client\World</Filter>
    </ClInclude>
    <ClInclude Include="pch.h" />
    <ClInclude Include="Entity.h">
      <Filter>Client\World\Entities</Filter>
    </ClInclude>
    <ClInclude Include="Settings.h">
      <Filter>Client</Filter>
    </ClInclude>
    <ClInclude Include="InputHandler.h" />
    <ClInclude Include="Client.h">
      <Filter>Client</Filter>
    </ClInclude>
  </ItemGroup>
  <ItemGroup>
    <ClCompile Include="main.cpp" />
    <ClCompile Include="World.cpp">
      <Filter>Client\World</Filter>
    </ClCompile>
    <ClCompile Include="Map.cpp">
      <Filter>Client\World</Filter>
    </ClCompile>
    <ClCompile Include="Entity.cpp">
      <Filter>Client\World\Entities</Filter>
    </ClCompile>
    <ClCompile Include="Settings.cpp">
      <Filter>Client</Filter>
    </ClCompile>
    <ClCompile Include="InputHandler.cpp" />
    <ClCompile Include="Client.cpp">
      <Filter>Client</Filter>
    </ClCompile>
  </ItemGroup>
</Project>