<?xml version="1.0" encoding="utf-8"?>
<Project ToolsVersion="4.0" xmlns="http://schemas.microsoft.com/developer/msbuild/2003">
  <ItemGroup>
    <ClCompile Include="main.cpp" />
    <ClCompile Include="..\Client\Matrix.cpp">
      <Filter>Utilities\MathUtilities</Filter>
    </ClCompile>
    <ClCompile Include="..\Client\Vec2.h">
      <Filter>Utilities\MathUtilities</Filter>
    </ClCompile>
    <ClCompile Include="..\Client\MemoryManager.cpp">
      <Filter>Managers\Memory</Filter>
    </ClCompile>
    <ClCompile Include="..\Client\PoolAllocator.cpp">
      <Filter>Managers\Memory</Filter>
    </ClCompile>
    <ClCompile Include="..\Client\StackAllocator.cpp">
      <Filter>Managers\Memory</Filter>
    </ClCompile>
    <ClCompile Include="..\Client\PlayerController.cpp">
      <Filter>Managers\Input</Filter>
    </ClCompile>
    <ClCompile Include="..\Client\RawInputReceiver.cpp">
      <Filter>Managers\Input</Filter>
    </ClCompile>
    <ClCompile Include="..\Client\DisplayManager.cpp">
      <Filter>Managers\Display</Filter>
    </ClCompile>
    <ClCompile Include="..\Client\EntityManager.cpp">
      <Filter>Managers\Entities</Filter>
    </ClCompile>
    <ClCompile Include="..\Client\Entity.cpp">
      <Filter>Managers\Entities\Entity</Filter>
    </ClCompile>
    <ClCompile Include="..\Client\Camera.cpp">
      <Filter>Managers\Entities\Entity\Entities</Filter>
    </ClCompile>
    <ClCompile Include="..\Client\Character.cpp">
      <Filter>Managers\Entities\Entity\Entities</Filter>
    </ClCompile>
    <ClCompile Include="..\Client\Obstacle.cpp">
      <Filter>Managers\Entities\Entity\Entities</Filter>
    </ClCompile>
    <ClCompile Include="..\Client\EntityUpdateSystem.cpp">
      <Filter>EntityUpdateSystem</Filter>
    </ClCompile>
    <ClCompile Include="..\Client\AbilitySystem.cpp">
      <Filter>EntityUpdateSystem\Systems</Filter>
    </ClCompile>
    <ClCompile Include="..\Client\DisplaySystem.cpp">
      <Filter>EntityUpdateSystem\Systems</Filter>
    </ClCompile>
    <ClCompile Include="..\Client\LifetimeSystem.cpp">
      <Filter>EntityUpdateSystem\Systems</Filter>
    </ClCompile>
    <ClCompile Include="..\Client\AbilityComponent.cpp">
      <Filter>Component\Components</Filter>
    </ClCompile>
    <ClCompile Include="..\Client\ControllerComponent.cpp">
      <Filter>Component\Components</Filter>
    </ClCompile>
    <ClCompile Include="..\Client\DisplayComponent.cpp">
      <Filter>Component\Components</Filter>
    </ClCompile>
    <ClCompile Include="..\Client\LifetimeComponent.cpp">
      <Filter>Component\Components</Filter>
    </ClCompile>
    <ClCompile Include="..\Client\RelationComponent.cpp">
      <Filter>Component\Components</Filter>
    </ClCompile>
    <ClCompile Include="..\Client\TransformComponent.cpp">
      <Filter>Component\Components</Filter>
    </ClCompile>
    <ClCompile Include="..\Client\Ability.cpp">
      <Filter>Ability</Filter>
    </ClCompile>
    <ClCompile Include="Server.cpp" />
    <ClCompile Include="ServerNetwork.cpp">
      <Filter>Managers\Network</Filter>
    </ClCompile>
    <ClCompile Include="..\Client\Packets.cpp">
      <Filter>Managers\Network</Filter>
    </ClCompile>
  </ItemGroup>
  <ItemGroup>
    <Filter Include="Utilities">
      <UniqueIdentifier>{639e646f-ae36-462a-891a-293026a70bd5}</UniqueIdentifier>
    </Filter>
    <Filter Include="Utilities\MathUtilities">
      <UniqueIdentifier>{df70a8dd-5b2e-4a24-b2ea-2bd01979f537}</UniqueIdentifier>
    </Filter>
    <Filter Include="Managers">
      <UniqueIdentifier>{68182148-85ab-429b-a67e-99ea0b4a8dc7}</UniqueIdentifier>
    </Filter>
    <Filter Include="Managers\Memory">
      <UniqueIdentifier>{306527d2-0a4a-463a-83c9-5efd27a1b820}</UniqueIdentifier>
    </Filter>
    <Filter Include="Managers\Input">
      <UniqueIdentifier>{a800973f-3897-43cf-b4c3-296a832b7521}</UniqueIdentifier>
    </Filter>
    <Filter Include="Managers\Display">
      <UniqueIdentifier>{6d6b750d-8d66-40cb-8b96-83671559ea76}</UniqueIdentifier>
    </Filter>
    <Filter Include="Managers\Entities">
      <UniqueIdentifier>{f9a0bcb6-37c0-4e38-a1ba-30b8dfa844f7}</UniqueIdentifier>
    </Filter>
    <Filter Include="Managers\Entities\Entity">
      <UniqueIdentifier>{89fd6a03-94a3-4406-8625-61d03b2b6528}</UniqueIdentifier>
    </Filter>
    <Filter Include="Managers\Entities\Entity\Entities">
      <UniqueIdentifier>{4e07f558-5a06-478c-9736-5d762f3ef853}</UniqueIdentifier>
    </Filter>
    <Filter Include="Managers\Network">
      <UniqueIdentifier>{4c00f69d-23fe-491c-8316-2213283e2fc6}</UniqueIdentifier>
    </Filter>
    <Filter Include="EntityUpdateSystem">
      <UniqueIdentifier>{944ba146-e015-419f-b1d5-2de3e0433518}</UniqueIdentifier>
    </Filter>
    <Filter Include="EntityUpdateSystem\Systems">
      <UniqueIdentifier>{58f56c76-fd53-4dd6-a1f0-266fbf103695}</UniqueIdentifier>
    </Filter>
    <Filter Include="Component">
      <UniqueIdentifier>{58976d49-9d40-49a1-b2a6-d71cc95004cb}</UniqueIdentifier>
    </Filter>
    <Filter Include="Component\Components">
      <UniqueIdentifier>{7537727d-72d8-4e72-abf0-885898796828}</UniqueIdentifier>
    </Filter>
    <Filter Include="Ability">
      <UniqueIdentifier>{55bd156f-408e-4d7d-910d-43987e7609f4}</UniqueIdentifier>
    </Filter>
  </ItemGroup>
  <ItemGroup>
    <ClInclude Include="..\Client\Array.h">
      <Filter>Utilities</Filter>
    </ClInclude>
    <ClInclude Include="..\Client\MathUtilities.h">
      <Filter>Utilities</Filter>
    </ClInclude>
    <ClInclude Include="..\Client\Singleton.h">
      <Filter>Utilities</Filter>
    </ClInclude>
    <ClInclude Include="..\Client\Matrix.h">
      <Filter>Utilities\MathUtilities</Filter>
    </ClInclude>
    <ClInclude Include="..\Client\MemoryManager.h">
      <Filter>Managers\Memory</Filter>
    </ClInclude>
    <ClInclude Include="..\Client\PoolAllocator.h">
      <Filter>Managers\Memory</Filter>
    </ClInclude>
    <ClInclude Include="..\Client\StackAllocator.h">
      <Filter>Managers\Memory</Filter>
    </ClInclude>
    <ClInclude Include="..\Client\PlayerController.h">
      <Filter>Managers\Input</Filter>
    </ClInclude>
    <ClInclude Include="..\Client\RawInputReceiver.h">
      <Filter>Managers\Input</Filter>
    </ClInclude>
    <ClInclude Include="..\Client\DisplayManager.h">
      <Filter>Managers\Display</Filter>
    </ClInclude>
    <ClInclude Include="..\Client\EntityManager.h">
      <Filter>Managers\Entities</Filter>
    </ClInclude>
    <ClInclude Include="..\Client\Entity.h">
      <Filter>Managers\Entities\Entity</Filter>
    </ClInclude>
    <ClInclude Include="..\Client\Camera.h">
      <Filter>Managers\Entities\Entity\Entities</Filter>
    </ClInclude>
    <ClInclude Include="..\Client\Character.h">
      <Filter>Managers\Entities\Entity\Entities</Filter>
    </ClInclude>
    <ClInclude Include="..\Client\Obstacle.h">
      <Filter>Managers\Entities\Entity\Entities</Filter>
    </ClInclude>
    <ClInclude Include="..\Client\EntityUpdateSystem.h">
      <Filter>EntityUpdateSystem</Filter>
    </ClInclude>
    <ClInclude Include="..\Client\AbilitySystem.h">
      <Filter>EntityUpdateSystem\Systems</Filter>
    </ClInclude>
    <ClInclude Include="..\Client\DisplaySystem.h">
      <Filter>EntityUpdateSystem\Systems</Filter>
    </ClInclude>
    <ClInclude Include="..\Client\LifetimeSystem.h">
      <Filter>EntityUpdateSystem\Systems</Filter>
    </ClInclude>
    <ClInclude Include="..\Client\Component.h">
      <Filter>Component</Filter>
    </ClInclude>
    <ClInclude Include="..\Client\AbilityComponent.h">
      <Filter>Component\Components</Filter>
    </ClInclude>
    <ClInclude Include="..\Client\ControllerComponent.h">
      <Filter>Component\Components</Filter>
    </ClInclude>
    <ClInclude Include="..\Client\DisplayComponent.h">
      <Filter>Component\Components</Filter>
    </ClInclude>
    <ClInclude Include="..\Client\LifetimeComponent.h">
      <Filter>Component\Components</Filter>
    </ClInclude>
    <ClInclude Include="..\Client\RelationComponent.h">
      <Filter>Component\Components</Filter>
    </ClInclude>
    <ClInclude Include="..\Client\TransformComponent.h">
      <Filter>Component\Components</Filter>
    </ClInclude>
    <ClInclude Include="..\Client\Ability.h">
      <Filter>Ability</Filter>
    </ClInclude>
    <ClInclude Include="stdInclude.h">
      <Filter>Utilities</Filter>
    </ClInclude>
    <ClInclude Include="Server.h" />
    <ClInclude Include="ServerNetwork.h">
      <Filter>Managers\Network</Filter>
    </ClInclude>
    <ClInclude Include="..\Client\Packets.h">
      <Filter>Managers\Network</Filter>
    </ClInclude>
  </ItemGroup>
  <ItemGroup>
    <None Include="..\Client\Vec2.inl">
      <Filter>Utilities\MathUtilities</Filter>
    </None>
  </ItemGroup>
</Project>